
Microsoft Visual Studio Solution File, Format Version 12.00
# Visual Studio 15
VisualStudioVersion = 15.0.28307.421
MinimumVisualStudioVersion = 10.0.40219.1
Project("{FAE04EC0-301F-11D3-BF4B-00C04F79EFBC}") = "Cards", "Cards\Cards.csproj", "{0BDA5A65-CD14-44BA-B59D-87CF993A29DC}"
EndProject
Global
	GlobalSection(SolutionConfigurationPlatforms) = preSolution
		Debug|Any CPU = Debug|Any CPU
		Release|Any CPU = Release|Any CPU
	EndGlobalSection
	GlobalSection(ProjectConfigurationPlatforms) = postSolution
		{0BDA5A65-CD14-44BA-B59D-87CF993A29DC}.Debug|Any CPU.ActiveCfg = Debug|Any CPU
		{0BDA5A65-CD14-44BA-B59D-87CF993A29DC}.Debug|Any CPU.Build.0 = Debug|Any CPU
		{0BDA5A65-CD14-44BA-B59D-87CF993A29DC}.Release|Any CPU.ActiveCfg = Release|Any CPU
		{0BDA5A65-CD14-44BA-B59D-87CF993A29DC}.Release|Any CPU.Build.0 = Release|Any CPU
	EndGlobalSection
	GlobalSection(SolutionProperties) = preSolution
		HideSolutionNode = FALSE
	EndGlobalSection
	GlobalSection(ExtensibilityGlobals) = postSolution
		SolutionGuid = {539E01EF-0E3B-4257-8C50-B9ECEC043E07}
	EndGlobalSection
EndGlobal
